
Microsoft Visual Studio Solution File, Format Version 12.00
# Visual Studio 14
VisualStudioVersion = 14.0.25420.1
MinimumVisualStudioVersion = 10.0.40219.1
Project("{FAE04EC0-301F-11D3-BF4B-00C04F79EFBC}") = "XamIntro", "XamIntro\XamIntro\XamIntro.csproj", "{3A70C738-7083-4268-B1C5-231643D4D735}"
EndProject
Project("{FAE04EC0-301F-11D3-BF4B-00C04F79EFBC}") = "XamIntro.Droid", "XamIntro\XamIntro.Droid\XamIntro.Droid.csproj", "{E1016C84-4553-4106-9609-AF2A75CA9BE8}"
EndProject
Project("{FAE04EC0-301F-11D3-BF4B-00C04F79EFBC}") = "XamIntro.iOS", "XamIntro\XamIntro.iOS\XamIntro.iOS.csproj", "{F4396178-0771-402D-8DEF-5D49C571CB4D}"
EndProject
Project("{FAE04EC0-301F-11D3-BF4B-00C04F79EFBC}") = "XamIntro.UWP", "XamIntro\XamIntro.UWP\XamIntro.UWP.csproj", "{E122F1C6-5488-4977-BB48-6F5FB990245E}"
EndProject
Global
	GlobalSection(SolutionConfigurationPlatforms) = preSolution
		Ad-Hoc|Any CPU = Ad-Hoc|Any CPU
		Ad-Hoc|ARM = Ad-Hoc|ARM
		Ad-Hoc|iPhone = Ad-Hoc|iPhone
		Ad-Hoc|iPhoneSimulator = Ad-Hoc|iPhoneSimulator
		Ad-Hoc|x64 = Ad-Hoc|x64
		Ad-Hoc|x86 = Ad-Hoc|x86
		AppStore|Any CPU = AppStore|Any CPU
		AppStore|ARM = AppStore|ARM
		AppStore|iPhone = AppStore|iPhone
		AppStore|iPhoneSimulator = AppStore|iPhoneSimulator
		AppStore|x64 = AppStore|x64
		AppStore|x86 = AppStore|x86
		Debug|Any CPU = Debug|Any CPU
		Debug|ARM = Debug|ARM
		Debug|iPhone = Debug|iPhone
		Debug|iPhoneSimulator = Debug|iPhoneSimulator
		Debug|x64 = Debug|x64
		Debug|x86 = Debug|x86
		Release|Any CPU = Release|Any CPU
		Release|ARM = Release|ARM
		Release|iPhone = Release|iPhone
		Release|iPhoneSimulator = Release|iPhoneSimulator
		Release|x64 = Release|x64
		Release|x86 = Release|x86
	EndGlobalSection
	GlobalSection(ProjectConfigurationPlatforms) = postSolution
		{3A70C738-7083-4268-B1C5-231643D4D735}.Ad-Hoc|Any CPU.ActiveCfg = Release|Any CPU
		{3A70C738-7083-4268-B1C5-231643D4D735}.Ad-Hoc|Any CPU.Build.0 = Release|Any CPU
		{3A70C738-7083-4268-B1C5-231643D4D735}.Ad-Hoc|ARM.ActiveCfg = Release|Any CPU
		{3A70C738-7083-4268-B1C5-231643D4D735}.Ad-Hoc|ARM.Build.0 = Release|Any CPU
		{3A70C738-7083-4268-B1C5-231643D4D735}.Ad-Hoc|iPhone.ActiveCfg = Release|Any CPU
		{3A70C738-7083-4268-B1C5-231643D4D735}.Ad-Hoc|iPhone.Build.0 = Release|Any CPU
		{3A70C738-7083-4268-B1C5-231643D4D735}.Ad-Hoc|iPhoneSimulator.ActiveCfg = Release|Any CPU
		{3A70C738-7083-4268-B1C5-231643D4D735}.Ad-Hoc|iPhoneSimulator.Build.0 = Release|Any CPU
		{3A70C738-7083-4268-B1C5-231643D4D735}.Ad-Hoc|x64.ActiveCfg = Release|Any CPU
		{3A70C738-7083-4268-B1C5-231643D4D735}.Ad-Hoc|x64.Build.0 = Release|Any CPU
		{3A70C738-7083-4268-B1C5-231643D4D735}.Ad-Hoc|x86.ActiveCfg = Release|Any CPU
		{3A70C738-7083-4268-B1C5-231643D4D735}.Ad-Hoc|x86.Build.0 = Release|Any CPU
		{3A70C738-7083-4268-B1C5-231643D4D735}.AppStore|Any CPU.ActiveCfg = Release|Any CPU
		{3A70C738-7083-4268-B1C5-231643D4D735}.AppStore|Any CPU.Build.0 = Release|Any CPU
		{3A70C738-7083-4268-B1C5-231643D4D735}.AppStore|ARM.ActiveCfg = Release|Any CPU
		{3A70C738-7083-4268-B1C5-231643D4D735}.AppStore|ARM.Build.0 = Release|Any CPU
		{3A70C738-7083-4268-B1C5-231643D4D735}.AppStore|iPhone.ActiveCfg = Release|Any CPU
		{3A70C738-7083-4268-B1C5-231643D4D735}.AppStore|iPhone.Build.0 = Release|Any CPU
		{3A70C738-7083-4268-B1C5-231643D4D735}.AppStore|iPhoneSimulator.ActiveCfg = Release|Any CPU
		{3A70C738-7083-4268-B1C5-231643D4D735}.AppStore|iPhoneSimulator.Build.0 = Release|Any CPU
		{3A70C738-7083-4268-B1C5-231643D4D735}.AppStore|x64.ActiveCfg = Release|Any CPU
		{3A70C738-7083-4268-B1C5-231643D4D735}.AppStore|x64.Build.0 = Release|Any CPU
		{3A70C738-7083-4268-B1C5-231643D4D735}.AppStore|x86.ActiveCfg = Release|Any CPU
		{3A70C738-7083-4268-B1C5-231643D4D735}.AppStore|x86.Build.0 = Release|Any CPU
		{3A70C738-7083-4268-B1C5-231643D4D735}.Debug|Any CPU.ActiveCfg = Debug|Any CPU
		{3A70C738-7083-4268-B1C5-231643D4D735}.Debug|Any CPU.Build.0 = Debug|Any CPU
		{3A70C738-7083-4268-B1C5-231643D4D735}.Debug|ARM.ActiveCfg = Debug|Any CPU
		{3A70C738-7083-4268-B1C5-231643D4D735}.Debug|ARM.Build.0 = Debug|Any CPU
		{3A70C738-7083-4268-B1C5-231643D4D735}.Debug|iPhone.ActiveCfg = Debug|Any CPU
		{3A70C738-7083-4268-B1C5-231643D4D735}.Debug|iPhone.Build.0 = Debug|Any CPU
		{3A70C738-7083-4268-B1C5-231643D4D735}.Debug|iPhoneSimulator.ActiveCfg = Debug|Any CPU
		{3A70C738-7083-4268-B1C5-231643D4D735}.Debug|iPhoneSimulator.Build.0 = Debug|Any CPU
		{3A70C738-7083-4268-B1C5-231643D4D735}.Debug|x64.ActiveCfg = Debug|Any CPU
		{3A70C738-7083-4268-B1C5-231643D4D735}.Debug|x64.Build.0 = Debug|Any CPU
		{3A70C738-7083-4268-B1C5-231643D4D735}.Debug|x86.ActiveCfg = Debug|Any CPU
		{3A70C738-7083-4268-B1C5-231643D4D735}.Debug|x86.Build.0 = Debug|Any CPU
		{3A70C738-7083-4268-B1C5-231643D4D735}.Release|Any CPU.ActiveCfg = Release|Any CPU
		{3A70C738-7083-4268-B1C5-231643D4D735}.Release|Any CPU.Build.0 = Release|Any CPU
		{3A70C738-7083-4268-B1C5-231643D4D735}.Release|ARM.ActiveCfg = Release|Any CPU
		{3A70C738-7083-4268-B1C5-231643D4D735}.Release|ARM.Build.0 = Release|Any CPU
		{3A70C738-7083-4268-B1C5-231643D4D735}.Release|iPhone.ActiveCfg = Release|Any CPU
		{3A70C738-7083-4268-B1C5-231643D4D735}.Release|iPhone.Build.0 = Release|Any CPU
		{3A70C738-7083-4268-B1C5-231643D4D735}.Release|iPhoneSimulator.ActiveCfg = Release|Any CPU
		{3A70C738-7083-4268-B1C5-231643D4D735}.Release|iPhoneSimulator.Build.0 = Release|Any CPU
		{3A70C738-7083-4268-B1C5-231643D4D735}.Release|x64.ActiveCfg = Release|Any CPU
		{3A70C738-7083-4268-B1C5-231643D4D735}.Release|x64.Build.0 = Release|Any CPU
		{3A70C738-7083-4268-B1C5-231643D4D735}.Release|x86.ActiveCfg = Release|Any CPU
		{3A70C738-7083-4268-B1C5-231643D4D735}.Release|x86.Build.0 = Release|Any CPU
		{E1016C84-4553-4106-9609-AF2A75CA9BE8}.Ad-Hoc|Any CPU.ActiveCfg = Release|Any CPU
		{E1016C84-4553-4106-9609-AF2A75CA9BE8}.Ad-Hoc|Any CPU.Build.0 = Release|Any CPU
		{E1016C84-4553-4106-9609-AF2A75CA9BE8}.Ad-Hoc|Any CPU.Deploy.0 = Release|Any CPU
		{E1016C84-4553-4106-9609-AF2A75CA9BE8}.Ad-Hoc|ARM.ActiveCfg = Release|Any CPU
		{E1016C84-4553-4106-9609-AF2A75CA9BE8}.Ad-Hoc|ARM.Build.0 = Release|Any CPU
		{E1016C84-4553-4106-9609-AF2A75CA9BE8}.Ad-Hoc|ARM.Deploy.0 = Release|Any CPU
		{E1016C84-4553-4106-9609-AF2A75CA9BE8}.Ad-Hoc|iPhone.ActiveCfg = Release|Any CPU
		{E1016C84-4553-4106-9609-AF2A75CA9BE8}.Ad-Hoc|iPhone.Build.0 = Release|Any CPU
		{E1016C84-4553-4106-9609-AF2A75CA9BE8}.Ad-Hoc|iPhone.Deploy.0 = Release|Any CPU
		{E1016C84-4553-4106-9609-AF2A75CA9BE8}.Ad-Hoc|iPhoneSimulator.ActiveCfg = Release|Any CPU
		{E1016C84-4553-4106-9609-AF2A75CA9BE8}.Ad-Hoc|iPhoneSimulator.Build.0 = Release|Any CPU
		{E1016C84-4553-4106-9609-AF2A75CA9BE8}.Ad-Hoc|iPhoneSimulator.Deploy.0 = Release|Any CPU
		{E1016C84-4553-4106-9609-AF2A75CA9BE8}.Ad-Hoc|x64.ActiveCfg = Release|Any CPU
		{E1016C84-4553-4106-9609-AF2A75CA9BE8}.Ad-Hoc|x64.Build.0 = Release|Any CPU
		{E1016C84-4553-4106-9609-AF2A75CA9BE8}.Ad-Hoc|x64.Deploy.0 = Release|Any CPU
		{E1016C84-4553-4106-9609-AF2A75CA9BE8}.Ad-Hoc|x86.ActiveCfg = Release|Any CPU
		{E1016C84-4553-4106-9609-AF2A75CA9BE8}.Ad-Hoc|x86.Build.0 = Release|Any CPU
		{E1016C84-4553-4106-9609-AF2A75CA9BE8}.Ad-Hoc|x86.Deploy.0 = Release|Any CPU
		{E1016C84-4553-4106-9609-AF2A75CA9BE8}.AppStore|Any CPU.ActiveCfg = Release|Any CPU
		{E1016C84-4553-4106-9609-AF2A75CA9BE8}.AppStore|Any CPU.Build.0 = Release|Any CPU
		{E1016C84-4553-4106-9609-AF2A75CA9BE8}.AppStore|Any CPU.Deploy.0 = Release|Any CPU
		{E1016C84-4553-4106-9609-AF2A75CA9BE8}.AppStore|ARM.ActiveCfg = Release|Any CPU
		{E1016C84-4553-4106-9609-AF2A75CA9BE8}.AppStore|ARM.Build.0 = Release|Any CPU
		{E1016C84-4553-4106-9609-AF2A75CA9BE8}.AppStore|ARM.Deploy.0 = Release|Any CPU
		{E1016C84-4553-4106-9609-AF2A75CA9BE8}.AppStore|iPhone.ActiveCfg = Release|Any CPU
		{E1016C84-4553-4106-9609-AF2A75CA9BE8}.AppStore|iPhone.Build.0 = Release|Any CPU
		{E1016C84-4553-4106-9609-AF2A75CA9BE8}.AppStore|iPhone.Deploy.0 = Release|Any CPU
		{E1016C84-4553-4106-9609-AF2A75CA9BE8}.AppStore|iPhoneSimulator.ActiveCfg = Release|Any CPU
		{E1016C84-4553-4106-9609-AF2A75CA9BE8}.AppStore|iPhoneSimulator.Build.0 = Release|Any CPU
		{E1016C84-4553-4106-9609-AF2A75CA9BE8}.AppStore|iPhoneSimulator.Deploy.0 = Release|Any CPU
		{E1016C84-4553-4106-9609-AF2A75CA9BE8}.AppStore|x64.ActiveCfg = Release|Any CPU
		{E1016C84-4553-4106-9609-AF2A75CA9BE8}.AppStore|x64.Build.0 = Release|Any CPU
		{E1016C84-4553-4106-9609-AF2A75CA9BE8}.AppStore|x64.Deploy.0 = Release|Any CPU
		{E1016C84-4553-4106-9609-AF2A75CA9BE8}.AppStore|x86.ActiveCfg = Release|Any CPU
		{E1016C84-4553-4106-9609-AF2A75CA9BE8}.AppStore|x86.Build.0 = Release|Any CPU
		{E1016C84-4553-4106-9609-AF2A75CA9BE8}.AppStore|x86.Deploy.0 = Release|Any CPU
		{E1016C84-4553-4106-9609-AF2A75CA9BE8}.Debug|Any CPU.ActiveCfg = Debug|Any CPU
		{E1016C84-4553-4106-9609-AF2A75CA9BE8}.Debug|Any CPU.Build.0 = Debug|Any CPU
		{E1016C84-4553-4106-9609-AF2A75CA9BE8}.Debug|Any CPU.Deploy.0 = Debug|Any CPU
		{E1016C84-4553-4106-9609-AF2A75CA9BE8}.Debug|ARM.ActiveCfg = Debug|Any CPU
		{E1016C84-4553-4106-9609-AF2A75CA9BE8}.Debug|ARM.Build.0 = Debug|Any CPU
		{E1016C84-4553-4106-9609-AF2A75CA9BE8}.Debug|ARM.Deploy.0 = Debug|Any CPU
		{E1016C84-4553-4106-9609-AF2A75CA9BE8}.Debug|iPhone.ActiveCfg = Debug|Any CPU
		{E1016C84-4553-4106-9609-AF2A75CA9BE8}.Debug|iPhone.Build.0 = Debug|Any CPU
		{E1016C84-4553-4106-9609-AF2A75CA9BE8}.Debug|iPhone.Deploy.0 = Debug|Any CPU
		{E1016C84-4553-4106-9609-AF2A75CA9BE8}.Debug|iPhoneSimulator.ActiveCfg = Debug|Any CPU
		{E1016C84-4553-4106-9609-AF2A75CA9BE8}.Debug|iPhoneSimulator.Build.0 = Debug|Any CPU
		{E1016C84-4553-4106-9609-AF2A75CA9BE8}.Debug|iPhoneSimulator.Deploy.0 = Debug|Any CPU
		{E1016C84-4553-4106-9609-AF2A75CA9BE8}.Debug|x64.ActiveCfg = Debug|Any CPU
		{E1016C84-4553-4106-9609-AF2A75CA9BE8}.Debug|x64.Build.0 = Debug|Any CPU
		{E1016C84-4553-4106-9609-AF2A75CA9BE8}.Debug|x64.Deploy.0 = Debug|Any CPU
		{E1016C84-4553-4106-9609-AF2A75CA9BE8}.Debug|x86.ActiveCfg = Debug|Any CPU
		{E1016C84-4553-4106-9609-AF2A75CA9BE8}.Debug|x86.Build.0 = Debug|Any CPU
		{E1016C84-4553-4106-9609-AF2A75CA9BE8}.Debug|x86.Deploy.0 = Debug|Any CPU
		{E1016C84-4553-4106-9609-AF2A75CA9BE8}.Release|Any CPU.ActiveCfg = Release|Any CPU
		{E1016C84-4553-4106-9609-AF2A75CA9BE8}.Release|Any CPU.Build.0 = Release|Any CPU
		{E1016C84-4553-4106-9609-AF2A75CA9BE8}.Release|Any CPU.Deploy.0 = Release|Any CPU
		{E1016C84-4553-4106-9609-AF2A75CA9BE8}.Release|ARM.ActiveCfg = Release|Any CPU
		{E1016C84-4553-4106-9609-AF2A75CA9BE8}.Release|ARM.Build.0 = Release|Any CPU
		{E1016C84-4553-4106-9609-AF2A75CA9BE8}.Release|ARM.Deploy.0 = Release|Any CPU
		{E1016C84-4553-4106-9609-AF2A75CA9BE8}.Release|iPhone.ActiveCfg = Release|Any CPU
		{E1016C84-4553-4106-9609-AF2A75CA9BE8}.Release|iPhone.Build.0 = Release|Any CPU
		{E1016C84-4553-4106-9609-AF2A75CA9BE8}.Release|iPhone.Deploy.0 = Release|Any CPU
		{E1016C84-4553-4106-9609-AF2A75CA9BE8}.Release|iPhoneSimulator.ActiveCfg = Release|Any CPU
		{E1016C84-4553-4106-9609-AF2A75CA9BE8}.Release|iPhoneSimulator.Build.0 = Release|Any CPU
		{E1016C84-4553-4106-9609-AF2A75CA9BE8}.Release|iPhoneSimulator.Deploy.0 = Release|Any CPU
		{E1016C84-4553-4106-9609-AF2A75CA9BE8}.Release|x64.ActiveCfg = Release|Any CPU
		{E1016C84-4553-4106-9609-AF2A75CA9BE8}.Release|x64.Build.0 = Release|Any CPU
		{E1016C84-4553-4106-9609-AF2A75CA9BE8}.Release|x64.Deploy.0 = Release|Any CPU
		{E1016C84-4553-4106-9609-AF2A75CA9BE8}.Release|x86.ActiveCfg = Release|Any CPU
		{E1016C84-4553-4106-9609-AF2A75CA9BE8}.Release|x86.Build.0 = Release|Any CPU
		{E1016C84-4553-4106-9609-AF2A75CA9BE8}.Release|x86.Deploy.0 = Release|Any CPU
		{F4396178-0771-402D-8DEF-5D49C571CB4D}.Ad-Hoc|Any CPU.ActiveCfg = Ad-Hoc|iPhone
		{F4396178-0771-402D-8DEF-5D49C571CB4D}.Ad-Hoc|ARM.ActiveCfg = Ad-Hoc|iPhone
		{F4396178-0771-402D-8DEF-5D49C571CB4D}.Ad-Hoc|iPhone.ActiveCfg = Ad-Hoc|iPhone
		{F4396178-0771-402D-8DEF-5D49C571CB4D}.Ad-Hoc|iPhone.Build.0 = Ad-Hoc|iPhone
		{F4396178-0771-402D-8DEF-5D49C571CB4D}.Ad-Hoc|iPhoneSimulator.ActiveCfg = Ad-Hoc|iPhoneSimulator
		{F4396178-0771-402D-8DEF-5D49C571CB4D}.Ad-Hoc|iPhoneSimulator.Build.0 = Ad-Hoc|iPhoneSimulator
		{F4396178-0771-402D-8DEF-5D49C571CB4D}.Ad-Hoc|x64.ActiveCfg = Ad-Hoc|iPhone
		{F4396178-0771-402D-8DEF-5D49C571CB4D}.Ad-Hoc|x86.ActiveCfg = Ad-Hoc|iPhone
		{F4396178-0771-402D-8DEF-5D49C571CB4D}.AppStore|Any CPU.ActiveCfg = AppStore|iPhone
		{F4396178-0771-402D-8DEF-5D49C571CB4D}.AppStore|ARM.ActiveCfg = AppStore|iPhone
		{F4396178-0771-402D-8DEF-5D49C571CB4D}.AppStore|iPhone.ActiveCfg = AppStore|iPhone
		{F4396178-0771-402D-8DEF-5D49C571CB4D}.AppStore|iPhone.Build.0 = AppStore|iPhone
		{F4396178-0771-402D-8DEF-5D49C571CB4D}.AppStore|iPhoneSimulator.ActiveCfg = AppStore|iPhoneSimulator
		{F4396178-0771-402D-8DEF-5D49C571CB4D}.AppStore|iPhoneSimulator.Build.0 = AppStore|iPhoneSimulator
		{F4396178-0771-402D-8DEF-5D49C571CB4D}.AppStore|x64.ActiveCfg = AppStore|iPhone
		{F4396178-0771-402D-8DEF-5D49C571CB4D}.AppStore|x86.ActiveCfg = AppStore|iPhone
		{F4396178-0771-402D-8DEF-5D49C571CB4D}.Debug|Any CPU.ActiveCfg = Debug|iPhone
		{F4396178-0771-402D-8DEF-5D49C571CB4D}.Debug|ARM.ActiveCfg = Debug|iPhone
		{F4396178-0771-402D-8DEF-5D49C571CB4D}.Debug|iPhone.ActiveCfg = Debug|iPhone
		{F4396178-0771-402D-8DEF-5D49C571CB4D}.Debug|iPhone.Build.0 = Debug|iPhone
		{F4396178-0771-402D-8DEF-5D49C571CB4D}.Debug|iPhoneSimulator.ActiveCfg = Debug|iPhoneSimulator
		{F4396178-0771-402D-8DEF-5D49C571CB4D}.Debug|iPhoneSimulator.Build.0 = Debug|iPhoneSimulator
		{F4396178-0771-402D-8DEF-5D49C571CB4D}.Debug|x64.ActiveCfg = Debug|iPhone
		{F4396178-0771-402D-8DEF-5D49C571CB4D}.Debug|x86.ActiveCfg = Debug|iPhone
		{F4396178-0771-402D-8DEF-5D49C571CB4D}.Release|Any CPU.ActiveCfg = Release|iPhone
		{F4396178-0771-402D-8DEF-5D49C571CB4D}.Release|ARM.ActiveCfg = Release|iPhone
		{F4396178-0771-402D-8DEF-5D49C571CB4D}.Release|iPhone.ActiveCfg = Release|iPhone
		{F4396178-0771-402D-8DEF-5D49C571CB4D}.Release|iPhone.Build.0 = Release|iPhone
		{F4396178-0771-402D-8DEF-5D49C571CB4D}.Release|iPhoneSimulator.ActiveCfg = Release|iPhoneSimulator
		{F4396178-0771-402D-8DEF-5D49C571CB4D}.Release|iPhoneSimulator.Build.0 = Release|iPhoneSimulator
		{F4396178-0771-402D-8DEF-5D49C571CB4D}.Release|x64.ActiveCfg = Release|iPhone
		{F4396178-0771-402D-8DEF-5D49C571CB4D}.Release|x86.ActiveCfg = Release|iPhone
		{E122F1C6-5488-4977-BB48-6F5FB990245E}.Ad-Hoc|Any CPU.ActiveCfg = Release|x86
		{E122F1C6-5488-4977-BB48-6F5FB990245E}.Ad-Hoc|Any CPU.Build.0 = Release|x86
		{E122F1C6-5488-4977-BB48-6F5FB990245E}.Ad-Hoc|Any CPU.Deploy.0 = Release|x86
		{E122F1C6-5488-4977-BB48-6F5FB990245E}.Ad-Hoc|ARM.ActiveCfg = Release|ARM
		{E122F1C6-5488-4977-BB48-6F5FB990245E}.Ad-Hoc|ARM.Build.0 = Release|ARM
		{E122F1C6-5488-4977-BB48-6F5FB990245E}.Ad-Hoc|ARM.Deploy.0 = Release|ARM
		{E122F1C6-5488-4977-BB48-6F5FB990245E}.Ad-Hoc|iPhone.ActiveCfg = Release|x86
		{E122F1C6-5488-4977-BB48-6F5FB990245E}.Ad-Hoc|iPhone.Build.0 = Release|x86
		{E122F1C6-5488-4977-BB48-6F5FB990245E}.Ad-Hoc|iPhone.Deploy.0 = Release|x86
		{E122F1C6-5488-4977-BB48-6F5FB990245E}.Ad-Hoc|iPhoneSimulator.ActiveCfg = Release|x86
		{E122F1C6-5488-4977-BB48-6F5FB990245E}.Ad-Hoc|iPhoneSimulator.Build.0 = Release|x86
		{E122F1C6-5488-4977-BB48-6F5FB990245E}.Ad-Hoc|iPhoneSimulator.Deploy.0 = Release|x86
		{E122F1C6-5488-4977-BB48-6F5FB990245E}.Ad-Hoc|x64.ActiveCfg = Release|x64
		{E122F1C6-5488-4977-BB48-6F5FB990245E}.Ad-Hoc|x64.Build.0 = Release|x64
		{E122F1C6-5488-4977-BB48-6F5FB990245E}.Ad-Hoc|x64.Deploy.0 = Release|x64
		{E122F1C6-5488-4977-BB48-6F5FB990245E}.Ad-Hoc|x86.ActiveCfg = Release|x86
		{E122F1C6-5488-4977-BB48-6F5FB990245E}.Ad-Hoc|x86.Build.0 = Release|x86
		{E122F1C6-5488-4977-BB48-6F5FB990245E}.Ad-Hoc|x86.Deploy.0 = Release|x86
		{E122F1C6-5488-4977-BB48-6F5FB990245E}.AppStore|Any CPU.ActiveCfg = Release|x86
		{E122F1C6-5488-4977-BB48-6F5FB990245E}.AppStore|Any CPU.Build.0 = Release|x86
		{E122F1C6-5488-4977-BB48-6F5FB990245E}.AppStore|Any CPU.Deploy.0 = Release|x86
		{E122F1C6-5488-4977-BB48-6F5FB990245E}.AppStore|ARM.ActiveCfg = Release|ARM
		{E122F1C6-5488-4977-BB48-6F5FB990245E}.AppStore|ARM.Build.0 = Release|ARM
		{E122F1C6-5488-4977-BB48-6F5FB990245E}.AppStore|ARM.Deploy.0 = Release|ARM
		{E122F1C6-5488-4977-BB48-6F5FB990245E}.AppStore|iPhone.ActiveCfg = Release|x86
		{E122F1C6-5488-4977-BB48-6F5FB990245E}.AppStore|iPhone.Build.0 = Release|x86
		{E122F1C6-5488-4977-BB48-6F5FB990245E}.AppStore|iPhone.Deploy.0 = Release|x86
		{E122F1C6-5488-4977-BB48-6F5FB990245E}.AppStore|iPhoneSimulator.ActiveCfg = Release|x86
		{E122F1C6-5488-4977-BB48-6F5FB990245E}.AppStore|iPhoneSimulator.Build.0 = Release|x86
		{E122F1C6-5488-4977-BB48-6F5FB990245E}.AppStore|iPhoneSimulator.Deploy.0 = Release|x86
		{E122F1C6-5488-4977-BB48-6F5FB990245E}.AppStore|x64.ActiveCfg = Release|x64
		{E122F1C6-5488-4977-BB48-6F5FB990245E}.AppStore|x64.Build.0 = Release|x64
		{E122F1C6-5488-4977-BB48-6F5FB990245E}.AppStore|x64.Deploy.0 = Release|x64
		{E122F1C6-5488-4977-BB48-6F5FB990245E}.AppStore|x86.ActiveCfg = Release|x86
		{E122F1C6-5488-4977-BB48-6F5FB990245E}.AppStore|x86.Build.0 = Release|x86
		{E122F1C6-5488-4977-BB48-6F5FB990245E}.AppStore|x86.Deploy.0 = Release|x86
		{E122F1C6-5488-4977-BB48-6F5FB990245E}.Debug|Any CPU.ActiveCfg = Debug|x86
		{E122F1C6-5488-4977-BB48-6F5FB990245E}.Debug|Any CPU.Build.0 = Debug|x86
		{E122F1C6-5488-4977-BB48-6F5FB990245E}.Debug|Any CPU.Deploy.0 = Debug|x86
		{E122F1C6-5488-4977-BB48-6F5FB990245E}.Debug|ARM.ActiveCfg = Debug|ARM
		{E122F1C6-5488-4977-BB48-6F5FB990245E}.Debug|ARM.Build.0 = Debug|ARM
		{E122F1C6-5488-4977-BB48-6F5FB990245E}.Debug|ARM.Deploy.0 = Debug|ARM
		{E122F1C6-5488-4977-BB48-6F5FB990245E}.Debug|iPhone.ActiveCfg = Debug|x86
		{E122F1C6-5488-4977-BB48-6F5FB990245E}.Debug|iPhoneSimulator.ActiveCfg = Debug|x86
		{E122F1C6-5488-4977-BB48-6F5FB990245E}.Debug|x64.ActiveCfg = Debug|x64
		{E122F1C6-5488-4977-BB48-6F5FB990245E}.Debug|x64.Build.0 = Debug|x64
		{E122F1C6-5488-4977-BB48-6F5FB990245E}.Debug|x64.Deploy.0 = Debug|x64
		{E122F1C6-5488-4977-BB48-6F5FB990245E}.Debug|x86.ActiveCfg = Debug|x86
		{E122F1C6-5488-4977-BB48-6F5FB990245E}.Debug|x86.Build.0 = Debug|x86
		{E122F1C6-5488-4977-BB48-6F5FB990245E}.Debug|x86.Deploy.0 = Debug|x86
		{E122F1C6-5488-4977-BB48-6F5FB990245E}.Release|Any CPU.ActiveCfg = Release|x86
		{E122F1C6-5488-4977-BB48-6F5FB990245E}.Release|ARM.ActiveCfg = Release|ARM
		{E122F1C6-5488-4977-BB48-6F5FB990245E}.Release|ARM.Build.0 = Release|ARM
		{E122F1C6-5488-4977-BB48-6F5FB990245E}.Release|ARM.Deploy.0 = Release|ARM
		{E122F1C6-5488-4977-BB48-6F5FB990245E}.Release|iPhone.ActiveCfg = Release|x86
		{E122F1C6-5488-4977-BB48-6F5FB990245E}.Release|iPhoneSimulator.ActiveCfg = Release|x86
		{E122F1C6-5488-4977-BB48-6F5FB990245E}.Release|x64.ActiveCfg = Release|x64
		{E122F1C6-5488-4977-BB48-6F5FB990245E}.Release|x64.Build.0 = Release|x64
		{E122F1C6-5488-4977-BB48-6F5FB990245E}.Release|x64.Deploy.0 = Release|x64
		{E122F1C6-5488-4977-BB48-6F5FB990245E}.Release|x86.ActiveCfg = Release|x86
		{E122F1C6-5488-4977-BB48-6F5FB990245E}.Release|x86.Build.0 = Release|x86
		{E122F1C6-5488-4977-BB48-6F5FB990245E}.Release|x86.Deploy.0 = Release|x86
	EndGlobalSection
	GlobalSection(SolutionProperties) = preSolution
		HideSolutionNode = FALSE
	EndGlobalSection
EndGlobal
